
Microsoft Visual Studio Solution File, Format Version 12.00
# Visual Studio Version 17
VisualStudioVersion = 17.2.32516.85
MinimumVisualStudioVersion = 10.0.40219.1
Project("{FAE04EC0-301F-11D3-BF4B-00C04F79EFBC}") = "RythmicQuebecInventory", "RythmicQuebecInventory\RythmicQuebecInventory.csproj", "{D48E54EA-0411-4CD2-B1F5-16FA83BDF257}"
EndProject
Global
	GlobalSection(SolutionConfigurationPlatforms) = preSolution
		Debug|Any CPU = Debug|Any CPU
		Release|Any CPU = Release|Any CPU
	EndGlobalSection
	GlobalSection(ProjectConfigurationPlatforms) = postSolution
		{D48E54EA-0411-4CD2-B1F5-16FA83BDF257}.Debug|Any CPU.ActiveCfg = Debug|Any CPU
		{D48E54EA-0411-4CD2-B1F5-16FA83BDF257}.Debug|Any CPU.Build.0 = Debug|Any CPU
		{D48E54EA-0411-4CD2-B1F5-16FA83BDF257}.Release|Any CPU.ActiveCfg = Release|Any CPU
		{D48E54EA-0411-4CD2-B1F5-16FA83BDF257}.Release|Any CPU.Build.0 = Release|Any CPU
	EndGlobalSection
	GlobalSection(SolutionProperties) = preSolution
		HideSolutionNode = FALSE
	EndGlobalSection
	GlobalSection(ExtensibilityGlobals) = postSolution
		SolutionGuid = {23F5AEC9-9DA8-4568-8CE5-8DDFB2D435FE}
	EndGlobalSection
EndGlobal
