
Microsoft Visual Studio Solution File, Format Version 12.00
# Visual Studio Version 16
VisualStudioVersion = 16.0.30413.136
MinimumVisualStudioVersion = 10.0.40219.1
Project("{FAE04EC0-301F-11D3-BF4B-00C04F79EFBC}") = "sd1", "sd1\sd1.csproj", "{24D011EA-F103-4188-A971-51B280C35DA7}"
EndProject
Global
	GlobalSection(SolutionConfigurationPlatforms) = preSolution
		Debug|Any CPU = Debug|Any CPU
		Release|Any CPU = Release|Any CPU
	EndGlobalSection
	GlobalSection(ProjectConfigurationPlatforms) = postSolution
		{24D011EA-F103-4188-A971-51B280C35DA7}.Debug|Any CPU.ActiveCfg = Debug|Any CPU
		{24D011EA-F103-4188-A971-51B280C35DA7}.Debug|Any CPU.Build.0 = Debug|Any CPU
		{24D011EA-F103-4188-A971-51B280C35DA7}.Release|Any CPU.ActiveCfg = Release|Any CPU
		{24D011EA-F103-4188-A971-51B280C35DA7}.Release|Any CPU.Build.0 = Release|Any CPU
	EndGlobalSection
	GlobalSection(SolutionProperties) = preSolution
		HideSolutionNode = FALSE
	EndGlobalSection
	GlobalSection(ExtensibilityGlobals) = postSolution
		SolutionGuid = {1EFDBEB9-625E-489C-8171-0269AC3A09BC}
	EndGlobalSection
EndGlobal
